
Microsoft Visual Studio Solution File, Format Version 12.00
# Visual Studio Version 17
VisualStudioVersion = 17.5.002.0
MinimumVisualStudioVersion = 10.0.40219.1
Project("{9A19103F-16F7-4668-BE54-9A1E7A4F7556}") = "Api-snk", "Api-snk.csproj", "{E59C0666-3107-42B5-9D11-2AD17176288A}"
EndProject
Global
	GlobalSection(SolutionConfigurationPlatforms) = preSolution
		Debug|Any CPU = Debug|Any CPU
		Release|Any CPU = Release|Any CPU
	EndGlobalSection
	GlobalSection(ProjectConfigurationPlatforms) = postSolution
		{E59C0666-3107-42B5-9D11-2AD17176288A}.Debug|Any CPU.ActiveCfg = Debug|Any CPU
		{E59C0666-3107-42B5-9D11-2AD17176288A}.Debug|Any CPU.Build.0 = Debug|Any CPU
		{E59C0666-3107-42B5-9D11-2AD17176288A}.Release|Any CPU.ActiveCfg = Release|Any CPU
		{E59C0666-3107-42B5-9D11-2AD17176288A}.Release|Any CPU.Build.0 = Release|Any CPU
	EndGlobalSection
	GlobalSection(SolutionProperties) = preSolution
		HideSolutionNode = FALSE
	EndGlobalSection
	GlobalSection(ExtensibilityGlobals) = postSolution
		SolutionGuid = {A311B892-465A-460C-B1B7-D0160469E1EB}
	EndGlobalSection
EndGlobal
